
Microsoft Visual Studio Solution File, Format Version 12.00
# Visual Studio Version 16
VisualStudioVersion = 16.0.29613.14
MinimumVisualStudioVersion = 10.0.40219.1
Project("{FAE04EC0-301F-11D3-BF4B-00C04F79EFBC}") = "ProjectEuler", "ProjectEuler\ProjectEuler.csproj", "{38F92D3E-0DD1-4977-A82E-43C1BC0F98F1}"
EndProject
Global
	GlobalSection(SolutionConfigurationPlatforms) = preSolution
		Debug|Any CPU = Debug|Any CPU
		Release|Any CPU = Release|Any CPU
	EndGlobalSection
	GlobalSection(ProjectConfigurationPlatforms) = postSolution
		{38F92D3E-0DD1-4977-A82E-43C1BC0F98F1}.Debug|Any CPU.ActiveCfg = Debug|Any CPU
		{38F92D3E-0DD1-4977-A82E-43C1BC0F98F1}.Debug|Any CPU.Build.0 = Debug|Any CPU
		{38F92D3E-0DD1-4977-A82E-43C1BC0F98F1}.Release|Any CPU.ActiveCfg = Release|Any CPU
		{38F92D3E-0DD1-4977-A82E-43C1BC0F98F1}.Release|Any CPU.Build.0 = Release|Any CPU
	EndGlobalSection
	GlobalSection(SolutionProperties) = preSolution
		HideSolutionNode = FALSE
	EndGlobalSection
	GlobalSection(ExtensibilityGlobals) = postSolution
		SolutionGuid = {6ACF1038-90A3-4D38-B4BA-6F00C02BD5C3}
	EndGlobalSection
EndGlobal
